
Microsoft Visual Studio Solution File, Format Version 12.00
# Visual Studio Version 16
VisualStudioVersion = 16.0.29806.167
MinimumVisualStudioVersion = 10.0.40219.1
Project("{9A19103F-16F7-4668-BE54-9A1E7A4F7556}") = "Abstract Factory", "Abstract Factory\Abstract Factory.csproj", "{6CF81A65-0FEC-4D53-A3A6-0E366A073476}"
EndProject
Project("{FAE04EC0-301F-11D3-BF4B-00C04F79EFBC}") = "Builder", "Builder\Builder.csproj", "{2066FBB2-6202-4383-ABA4-FE3A55D5EDE7}"
EndProject
Project("{FAE04EC0-301F-11D3-BF4B-00C04F79EFBC}") = "FactoryMethod", "FactoryMethod\FactoryMethod.csproj", "{088E2472-DDA6-40C8-A2FD-9B8526D6B4B5}"
EndProject
Project("{2150E333-8FDC-42A3-9474-1A3956D46DE8}") = "Creacionales", "Creacionales", "{538D4878-61C8-43E5-BFF1-31CC1A70D900}"
EndProject
Project("{FAE04EC0-301F-11D3-BF4B-00C04F79EFBC}") = "Prototype", "Prototype\Prototype.csproj", "{4340E7D4-2CC9-4CC8-986A-7C8400418061}"
EndProject
Project("{FAE04EC0-301F-11D3-BF4B-00C04F79EFBC}") = "Singleton", "Singleton\Singleton.csproj", "{61E431A4-C2D6-4F34-B64C-6B64230DBB7F}"
EndProject
Project("{2150E333-8FDC-42A3-9474-1A3956D46DE8}") = "Estructurales", "Estructurales", "{F531079A-CE0D-4A45-915D-7CFD7A0141A6}"
EndProject
Project("{2150E333-8FDC-42A3-9474-1A3956D46DE8}") = "Comportamiento", "Comportamiento", "{F77D6D70-8281-40C3-9324-87E57EC56C02}"
EndProject
Project("{2150E333-8FDC-42A3-9474-1A3956D46DE8}") = "Clase", "Clase", "{F851B910-6D8B-4192-B17E-319671F08FAE}"
EndProject
Project("{2150E333-8FDC-42A3-9474-1A3956D46DE8}") = "Objeto", "Objeto", "{59ACF148-7799-4043-9A53-8D78794BCA0E}"
	ProjectSection(SolutionItems) = preProject
		Mediator\README.md = Mediator\README.md
	EndProjectSection
EndProject
Project("{2150E333-8FDC-42A3-9474-1A3956D46DE8}") = "Clase y Objeto", "Clase y Objeto", "{CC3614A1-8931-4DE4-8B0E-732BE0CB1B55}"
EndProject
Project("{2150E333-8FDC-42A3-9474-1A3956D46DE8}") = "Objeto", "Objeto", "{436775D6-774F-4E57-B199-10A06179EB2D}"
EndProject
Project("{2150E333-8FDC-42A3-9474-1A3956D46DE8}") = "Clase", "Clase", "{FCFB2A91-07AC-4926-9338-00DA9E6D9540}"
EndProject
Project("{2150E333-8FDC-42A3-9474-1A3956D46DE8}") = "Objeto", "Objeto", "{FD83DE44-E271-4FDB-9B9D-6CA651D629D0}"
EndProject
Project("{FAE04EC0-301F-11D3-BF4B-00C04F79EFBC}") = "ChainOfResponsibility", "ChainOfResponsibility\ChainOfResponsibility.csproj", "{15B14C3F-2D2B-426A-B856-39E20680A7A4}"
EndProject
Project("{FAE04EC0-301F-11D3-BF4B-00C04F79EFBC}") = "Command", "Command\Command.csproj", "{82E0F216-BB8E-4E80-ACBC-E5917781B329}"
EndProject
Project("{FAE04EC0-301F-11D3-BF4B-00C04F79EFBC}") = "Iterator", "Iterator\Iterator.csproj", "{47EA16EA-1890-438D-8017-5426958FA035}"
EndProject
Project("{FAE04EC0-301F-11D3-BF4B-00C04F79EFBC}") = "Mediator", "Mediator\Mediator.csproj", "{7752385A-15E3-4751-8C79-EBD46AA88128}"
EndProject
Project("{FAE04EC0-301F-11D3-BF4B-00C04F79EFBC}") = "Momento", "Momento\Momento.csproj", "{C29A8580-5979-404E-A813-9081D492104B}"
EndProject
Project("{FAE04EC0-301F-11D3-BF4B-00C04F79EFBC}") = "Observer", "Observer\Observer.csproj", "{635A0D0B-4C11-42C0-9AB7-092B4F1508E1}"
EndProject
Project("{FAE04EC0-301F-11D3-BF4B-00C04F79EFBC}") = "State", "State\State.csproj", "{50DB178B-D66D-423C-9330-68C002CEFA12}"
EndProject
Project("{FAE04EC0-301F-11D3-BF4B-00C04F79EFBC}") = "Strategy", "Strategy\Strategy.csproj", "{09B4B576-8888-44D9-96AC-3EA277545748}"
EndProject
Project("{FAE04EC0-301F-11D3-BF4B-00C04F79EFBC}") = "Visitor", "Visitor\Visitor.csproj", "{00AA25D2-886A-4616-8ACE-742B683BE83B}"
EndProject
Project("{FAE04EC0-301F-11D3-BF4B-00C04F79EFBC}") = "Interpeter", "Interpeter\Interpeter.csproj", "{3B354065-0F69-40E2-B1CB-B20293D369BE}"
EndProject
Project("{FAE04EC0-301F-11D3-BF4B-00C04F79EFBC}") = "TemplateMethod", "TemplateMethod\TemplateMethod.csproj", "{BCB67B49-8F6E-48EB-8B8A-C4D2896FC972}"
EndProject
Project("{FAE04EC0-301F-11D3-BF4B-00C04F79EFBC}") = "Adapter", "Adapter\Adapter.csproj", "{C57BD4DB-83EA-40E3-A560-6B8715E71885}"
EndProject
Project("{FAE04EC0-301F-11D3-BF4B-00C04F79EFBC}") = "Bridge", "Bridge\Bridge.csproj", "{01CE7AC0-7420-471D-9367-52D87115EDEC}"
EndProject
Project("{FAE04EC0-301F-11D3-BF4B-00C04F79EFBC}") = "Composite", "Composite\Composite.csproj", "{A78A051A-69CD-4FAC-81B1-5A1B9895C4FE}"
EndProject
Project("{FAE04EC0-301F-11D3-BF4B-00C04F79EFBC}") = "Decorator", "Decorator\Decorator.csproj", "{745EFAF9-618C-4F09-9255-59CB2E59CA9E}"
EndProject
Project("{FAE04EC0-301F-11D3-BF4B-00C04F79EFBC}") = "Facade", "Facade\Facade.csproj", "{D0D91647-C8EA-4C77-9BF5-5158377E3C59}"
EndProject
Project("{FAE04EC0-301F-11D3-BF4B-00C04F79EFBC}") = "Proxy", "Proxy\Proxy.csproj", "{C2E26BDE-ACE3-42B4-8297-74B955C35BA9}"
EndProject
Project("{FAE04EC0-301F-11D3-BF4B-00C04F79EFBC}") = "Flyweight", "Flyweight\Flyweight.csproj", "{393DAF9B-4568-4A8F-9EC6-A04BDA81BAC7}"
EndProject
Project("{2150E333-8FDC-42A3-9474-1A3956D46DE8}") = "Solution Items", "Solution Items", "{A79089D9-7398-4BA1-BF46-225970B00924}"
	ProjectSection(SolutionItems) = preProject
		README.md = README.md
	EndProjectSection
EndProject
Global
	GlobalSection(SolutionConfigurationPlatforms) = preSolution
		Debug|Any CPU = Debug|Any CPU
		Release|Any CPU = Release|Any CPU
	EndGlobalSection
	GlobalSection(ProjectConfigurationPlatforms) = postSolution
		{6CF81A65-0FEC-4D53-A3A6-0E366A073476}.Debug|Any CPU.ActiveCfg = Debug|Any CPU
		{6CF81A65-0FEC-4D53-A3A6-0E366A073476}.Debug|Any CPU.Build.0 = Debug|Any CPU
		{6CF81A65-0FEC-4D53-A3A6-0E366A073476}.Release|Any CPU.ActiveCfg = Release|Any CPU
		{6CF81A65-0FEC-4D53-A3A6-0E366A073476}.Release|Any CPU.Build.0 = Release|Any CPU
		{2066FBB2-6202-4383-ABA4-FE3A55D5EDE7}.Debug|Any CPU.ActiveCfg = Debug|Any CPU
		{2066FBB2-6202-4383-ABA4-FE3A55D5EDE7}.Debug|Any CPU.Build.0 = Debug|Any CPU
		{2066FBB2-6202-4383-ABA4-FE3A55D5EDE7}.Release|Any CPU.ActiveCfg = Release|Any CPU
		{2066FBB2-6202-4383-ABA4-FE3A55D5EDE7}.Release|Any CPU.Build.0 = Release|Any CPU
		{088E2472-DDA6-40C8-A2FD-9B8526D6B4B5}.Debug|Any CPU.ActiveCfg = Debug|Any CPU
		{088E2472-DDA6-40C8-A2FD-9B8526D6B4B5}.Debug|Any CPU.Build.0 = Debug|Any CPU
		{088E2472-DDA6-40C8-A2FD-9B8526D6B4B5}.Release|Any CPU.ActiveCfg = Release|Any CPU
		{088E2472-DDA6-40C8-A2FD-9B8526D6B4B5}.Release|Any CPU.Build.0 = Release|Any CPU
		{4340E7D4-2CC9-4CC8-986A-7C8400418061}.Debug|Any CPU.ActiveCfg = Debug|Any CPU
		{4340E7D4-2CC9-4CC8-986A-7C8400418061}.Debug|Any CPU.Build.0 = Debug|Any CPU
		{4340E7D4-2CC9-4CC8-986A-7C8400418061}.Release|Any CPU.ActiveCfg = Release|Any CPU
		{4340E7D4-2CC9-4CC8-986A-7C8400418061}.Release|Any CPU.Build.0 = Release|Any CPU
		{61E431A4-C2D6-4F34-B64C-6B64230DBB7F}.Debug|Any CPU.ActiveCfg = Debug|Any CPU
		{61E431A4-C2D6-4F34-B64C-6B64230DBB7F}.Debug|Any CPU.Build.0 = Debug|Any CPU
		{61E431A4-C2D6-4F34-B64C-6B64230DBB7F}.Release|Any CPU.ActiveCfg = Release|Any CPU
		{61E431A4-C2D6-4F34-B64C-6B64230DBB7F}.Release|Any CPU.Build.0 = Release|Any CPU
		{15B14C3F-2D2B-426A-B856-39E20680A7A4}.Debug|Any CPU.ActiveCfg = Debug|Any CPU
		{15B14C3F-2D2B-426A-B856-39E20680A7A4}.Debug|Any CPU.Build.0 = Debug|Any CPU
		{15B14C3F-2D2B-426A-B856-39E20680A7A4}.Release|Any CPU.ActiveCfg = Release|Any CPU
		{15B14C3F-2D2B-426A-B856-39E20680A7A4}.Release|Any CPU.Build.0 = Release|Any CPU
		{82E0F216-BB8E-4E80-ACBC-E5917781B329}.Debug|Any CPU.ActiveCfg = Debug|Any CPU
		{82E0F216-BB8E-4E80-ACBC-E5917781B329}.Debug|Any CPU.Build.0 = Debug|Any CPU
		{82E0F216-BB8E-4E80-ACBC-E5917781B329}.Release|Any CPU.ActiveCfg = Release|Any CPU
		{82E0F216-BB8E-4E80-ACBC-E5917781B329}.Release|Any CPU.Build.0 = Release|Any CPU
		{47EA16EA-1890-438D-8017-5426958FA035}.Debug|Any CPU.ActiveCfg = Debug|Any CPU
		{47EA16EA-1890-438D-8017-5426958FA035}.Debug|Any CPU.Build.0 = Debug|Any CPU
		{47EA16EA-1890-438D-8017-5426958FA035}.Release|Any CPU.ActiveCfg = Release|Any CPU
		{47EA16EA-1890-438D-8017-5426958FA035}.Release|Any CPU.Build.0 = Release|Any CPU
		{7752385A-15E3-4751-8C79-EBD46AA88128}.Debug|Any CPU.ActiveCfg = Debug|Any CPU
		{7752385A-15E3-4751-8C79-EBD46AA88128}.Debug|Any CPU.Build.0 = Debug|Any CPU
		{7752385A-15E3-4751-8C79-EBD46AA88128}.Release|Any CPU.ActiveCfg = Release|Any CPU
		{7752385A-15E3-4751-8C79-EBD46AA88128}.Release|Any CPU.Build.0 = Release|Any CPU
		{C29A8580-5979-404E-A813-9081D492104B}.Debug|Any CPU.ActiveCfg = Debug|Any CPU
		{C29A8580-5979-404E-A813-9081D492104B}.Debug|Any CPU.Build.0 = Debug|Any CPU
		{C29A8580-5979-404E-A813-9081D492104B}.Release|Any CPU.ActiveCfg = Release|Any CPU
		{C29A8580-5979-404E-A813-9081D492104B}.Release|Any CPU.Build.0 = Release|Any CPU
		{635A0D0B-4C11-42C0-9AB7-092B4F1508E1}.Debug|Any CPU.ActiveCfg = Debug|Any CPU
		{635A0D0B-4C11-42C0-9AB7-092B4F1508E1}.Debug|Any CPU.Build.0 = Debug|Any CPU
		{635A0D0B-4C11-42C0-9AB7-092B4F1508E1}.Release|Any CPU.ActiveCfg = Release|Any CPU
		{635A0D0B-4C11-42C0-9AB7-092B4F1508E1}.Release|Any CPU.Build.0 = Release|Any CPU
		{50DB178B-D66D-423C-9330-68C002CEFA12}.Debug|Any CPU.ActiveCfg = Debug|Any CPU
		{50DB178B-D66D-423C-9330-68C002CEFA12}.Debug|Any CPU.Build.0 = Debug|Any CPU
		{50DB178B-D66D-423C-9330-68C002CEFA12}.Release|Any CPU.ActiveCfg = Release|Any CPU
		{50DB178B-D66D-423C-9330-68C002CEFA12}.Release|Any CPU.Build.0 = Release|Any CPU
		{09B4B576-8888-44D9-96AC-3EA277545748}.Debug|Any CPU.ActiveCfg = Debug|Any CPU
		{09B4B576-8888-44D9-96AC-3EA277545748}.Debug|Any CPU.Build.0 = Debug|Any CPU
		{09B4B576-8888-44D9-96AC-3EA277545748}.Release|Any CPU.ActiveCfg = Release|Any CPU
		{09B4B576-8888-44D9-96AC-3EA277545748}.Release|Any CPU.Build.0 = Release|Any CPU
		{00AA25D2-886A-4616-8ACE-742B683BE83B}.Debug|Any CPU.ActiveCfg = Debug|Any CPU
		{00AA25D2-886A-4616-8ACE-742B683BE83B}.Debug|Any CPU.Build.0 = Debug|Any CPU
		{00AA25D2-886A-4616-8ACE-742B683BE83B}.Release|Any CPU.ActiveCfg = Release|Any CPU
		{00AA25D2-886A-4616-8ACE-742B683BE83B}.Release|Any CPU.Build.0 = Release|Any CPU
		{3B354065-0F69-40E2-B1CB-B20293D369BE}.Debug|Any CPU.ActiveCfg = Debug|Any CPU
		{3B354065-0F69-40E2-B1CB-B20293D369BE}.Debug|Any CPU.Build.0 = Debug|Any CPU
		{3B354065-0F69-40E2-B1CB-B20293D369BE}.Release|Any CPU.ActiveCfg = Release|Any CPU
		{3B354065-0F69-40E2-B1CB-B20293D369BE}.Release|Any CPU.Build.0 = Release|Any CPU
		{BCB67B49-8F6E-48EB-8B8A-C4D2896FC972}.Debug|Any CPU.ActiveCfg = Debug|Any CPU
		{BCB67B49-8F6E-48EB-8B8A-C4D2896FC972}.Debug|Any CPU.Build.0 = Debug|Any CPU
		{BCB67B49-8F6E-48EB-8B8A-C4D2896FC972}.Release|Any CPU.ActiveCfg = Release|Any CPU
		{BCB67B49-8F6E-48EB-8B8A-C4D2896FC972}.Release|Any CPU.Build.0 = Release|Any CPU
		{C57BD4DB-83EA-40E3-A560-6B8715E71885}.Debug|Any CPU.ActiveCfg = Debug|Any CPU
		{C57BD4DB-83EA-40E3-A560-6B8715E71885}.Debug|Any CPU.Build.0 = Debug|Any CPU
		{C57BD4DB-83EA-40E3-A560-6B8715E71885}.Release|Any CPU.ActiveCfg = Release|Any CPU
		{C57BD4DB-83EA-40E3-A560-6B8715E71885}.Release|Any CPU.Build.0 = Release|Any CPU
		{01CE7AC0-7420-471D-9367-52D87115EDEC}.Debug|Any CPU.ActiveCfg = Debug|Any CPU
		{01CE7AC0-7420-471D-9367-52D87115EDEC}.Debug|Any CPU.Build.0 = Debug|Any CPU
		{01CE7AC0-7420-471D-9367-52D87115EDEC}.Release|Any CPU.ActiveCfg = Release|Any CPU
		{01CE7AC0-7420-471D-9367-52D87115EDEC}.Release|Any CPU.Build.0 = Release|Any CPU
		{A78A051A-69CD-4FAC-81B1-5A1B9895C4FE}.Debug|Any CPU.ActiveCfg = Debug|Any CPU
		{A78A051A-69CD-4FAC-81B1-5A1B9895C4FE}.Debug|Any CPU.Build.0 = Debug|Any CPU
		{A78A051A-69CD-4FAC-81B1-5A1B9895C4FE}.Release|Any CPU.ActiveCfg = Release|Any CPU
		{A78A051A-69CD-4FAC-81B1-5A1B9895C4FE}.Release|Any CPU.Build.0 = Release|Any CPU
		{745EFAF9-618C-4F09-9255-59CB2E59CA9E}.Debug|Any CPU.ActiveCfg = Debug|Any CPU
		{745EFAF9-618C-4F09-9255-59CB2E59CA9E}.Debug|Any CPU.Build.0 = Debug|Any CPU
		{745EFAF9-618C-4F09-9255-59CB2E59CA9E}.Release|Any CPU.ActiveCfg = Release|Any CPU
		{745EFAF9-618C-4F09-9255-59CB2E59CA9E}.Release|Any CPU.Build.0 = Release|Any CPU
		{D0D91647-C8EA-4C77-9BF5-5158377E3C59}.Debug|Any CPU.ActiveCfg = Debug|Any CPU
		{D0D91647-C8EA-4C77-9BF5-5158377E3C59}.Debug|Any CPU.Build.0 = Debug|Any CPU
		{D0D91647-C8EA-4C77-9BF5-5158377E3C59}.Release|Any CPU.ActiveCfg = Release|Any CPU
		{D0D91647-C8EA-4C77-9BF5-5158377E3C59}.Release|Any CPU.Build.0 = Release|Any CPU
		{C2E26BDE-ACE3-42B4-8297-74B955C35BA9}.Debug|Any CPU.ActiveCfg = Debug|Any CPU
		{C2E26BDE-ACE3-42B4-8297-74B955C35BA9}.Debug|Any CPU.Build.0 = Debug|Any CPU
		{C2E26BDE-ACE3-42B4-8297-74B955C35BA9}.Release|Any CPU.ActiveCfg = Release|Any CPU
		{C2E26BDE-ACE3-42B4-8297-74B955C35BA9}.Release|Any CPU.Build.0 = Release|Any CPU
		{393DAF9B-4568-4A8F-9EC6-A04BDA81BAC7}.Debug|Any CPU.ActiveCfg = Debug|Any CPU
		{393DAF9B-4568-4A8F-9EC6-A04BDA81BAC7}.Debug|Any CPU.Build.0 = Debug|Any CPU
		{393DAF9B-4568-4A8F-9EC6-A04BDA81BAC7}.Release|Any CPU.ActiveCfg = Release|Any CPU
		{393DAF9B-4568-4A8F-9EC6-A04BDA81BAC7}.Release|Any CPU.Build.0 = Release|Any CPU
	EndGlobalSection
	GlobalSection(SolutionProperties) = preSolution
		HideSolutionNode = FALSE
	EndGlobalSection
	GlobalSection(NestedProjects) = preSolution
		{6CF81A65-0FEC-4D53-A3A6-0E366A073476} = {59ACF148-7799-4043-9A53-8D78794BCA0E}
		{2066FBB2-6202-4383-ABA4-FE3A55D5EDE7} = {59ACF148-7799-4043-9A53-8D78794BCA0E}
		{088E2472-DDA6-40C8-A2FD-9B8526D6B4B5} = {F851B910-6D8B-4192-B17E-319671F08FAE}
		{4340E7D4-2CC9-4CC8-986A-7C8400418061} = {59ACF148-7799-4043-9A53-8D78794BCA0E}
		{61E431A4-C2D6-4F34-B64C-6B64230DBB7F} = {59ACF148-7799-4043-9A53-8D78794BCA0E}
		{F851B910-6D8B-4192-B17E-319671F08FAE} = {538D4878-61C8-43E5-BFF1-31CC1A70D900}
		{59ACF148-7799-4043-9A53-8D78794BCA0E} = {538D4878-61C8-43E5-BFF1-31CC1A70D900}
		{CC3614A1-8931-4DE4-8B0E-732BE0CB1B55} = {F531079A-CE0D-4A45-915D-7CFD7A0141A6}
		{436775D6-774F-4E57-B199-10A06179EB2D} = {F531079A-CE0D-4A45-915D-7CFD7A0141A6}
		{FCFB2A91-07AC-4926-9338-00DA9E6D9540} = {F77D6D70-8281-40C3-9324-87E57EC56C02}
		{FD83DE44-E271-4FDB-9B9D-6CA651D629D0} = {F77D6D70-8281-40C3-9324-87E57EC56C02}
		{15B14C3F-2D2B-426A-B856-39E20680A7A4} = {FD83DE44-E271-4FDB-9B9D-6CA651D629D0}
		{82E0F216-BB8E-4E80-ACBC-E5917781B329} = {FD83DE44-E271-4FDB-9B9D-6CA651D629D0}
		{47EA16EA-1890-438D-8017-5426958FA035} = {FD83DE44-E271-4FDB-9B9D-6CA651D629D0}
		{7752385A-15E3-4751-8C79-EBD46AA88128} = {FD83DE44-E271-4FDB-9B9D-6CA651D629D0}
		{C29A8580-5979-404E-A813-9081D492104B} = {FD83DE44-E271-4FDB-9B9D-6CA651D629D0}
		{635A0D0B-4C11-42C0-9AB7-092B4F1508E1} = {FD83DE44-E271-4FDB-9B9D-6CA651D629D0}
		{50DB178B-D66D-423C-9330-68C002CEFA12} = {FD83DE44-E271-4FDB-9B9D-6CA651D629D0}
		{09B4B576-8888-44D9-96AC-3EA277545748} = {FD83DE44-E271-4FDB-9B9D-6CA651D629D0}
		{00AA25D2-886A-4616-8ACE-742B683BE83B} = {FD83DE44-E271-4FDB-9B9D-6CA651D629D0}
		{3B354065-0F69-40E2-B1CB-B20293D369BE} = {FCFB2A91-07AC-4926-9338-00DA9E6D9540}
		{BCB67B49-8F6E-48EB-8B8A-C4D2896FC972} = {FCFB2A91-07AC-4926-9338-00DA9E6D9540}
		{C57BD4DB-83EA-40E3-A560-6B8715E71885} = {CC3614A1-8931-4DE4-8B0E-732BE0CB1B55}
		{01CE7AC0-7420-471D-9367-52D87115EDEC} = {436775D6-774F-4E57-B199-10A06179EB2D}
		{A78A051A-69CD-4FAC-81B1-5A1B9895C4FE} = {436775D6-774F-4E57-B199-10A06179EB2D}
		{745EFAF9-618C-4F09-9255-59CB2E59CA9E} = {436775D6-774F-4E57-B199-10A06179EB2D}
		{D0D91647-C8EA-4C77-9BF5-5158377E3C59} = {436775D6-774F-4E57-B199-10A06179EB2D}
		{C2E26BDE-ACE3-42B4-8297-74B955C35BA9} = {436775D6-774F-4E57-B199-10A06179EB2D}
		{393DAF9B-4568-4A8F-9EC6-A04BDA81BAC7} = {436775D6-774F-4E57-B199-10A06179EB2D}
	EndGlobalSection
	GlobalSection(ExtensibilityGlobals) = postSolution
		SolutionGuid = {9C54A1B6-E3DC-44C6-A20E-95755794AFF5}
	EndGlobalSection
EndGlobal
